dependencies:
- name: cert-manager
  repository: https://charts.jetstack.io
  version: v1.20.1
- name: trust-manager
  repository: https://charts.jetstack.io
  version: v0.21.1
digest: sha256:bcf978ac40ef70a7906f8f5a6b335ba204ca0c5407cb6e2e6684912545376f8b
generated: "2026-03-28T00:18:09.385142414Z"
