dependencies:
- name: cert-manager
  repository: https://charts.jetstack.io
  version: v1.19.4
- name: trust-manager
  repository: https://charts.jetstack.io
  version: v0.22.0
digest: sha256:a62a4eaf98225d0f0614e8e688cd4b6fb13780db885c7cd6818030ba88d25581
generated: "2026-03-26T00:14:15.642240129Z"
